PODS:
  - AloeStackView (1.2.0)
  - AppCenter (2.3.0):
    - AppCenter/Analytics (= 2.3.0)
    - AppCenter/Crashes (= 2.3.0)
  - AppCenter/Analytics (2.3.0):
    - AppCenter/Core
  - AppCenter/Core (2.3.0)
  - AppCenter/Crashes (2.3.0):
    - AppCenter/Core
  - AppCenter/Distribute (2.3.0):
    - AppCenter/Core
  - CollectionKit (2.4.0):
    - CollectionKit/Core (= 2.4.0)
  - CollectionKit/Core (2.4.0)
  - KeychainAccess (3.2.0)
  - Kingfisher (5.13.1):
    - Kingfisher/Core (= 5.13.1)
  - Kingfisher/Core (5.13.1)
  - SnapKit (5.0.1)
  - SwiftGen (6.1.0)
  - SwiftLint (0.39.1)
  - TableKit (2.9.0)

DEPENDENCIES:
  - AloeStackView
  - AppCenter
  - AppCenter/Distribute
  - CollectionKit
  - KeychainAccess
  - Kingfisher
  - SnapKit
  - SwiftGen
  - SwiftLint
  - TableKit

SPEC REPOS:
  https://github.com/CocoaPods/Specs.git:
    - AppCenter
    - SnapKit
    - SwiftGen
    - TableKit
  trunk:
    - AloeStackView
    - CollectionKit
    - KeychainAccess
    - Kingfisher
    - SwiftLint

SPEC CHECKSUMS:
  AloeStackView: 8a4ce0efa08128dd78d538372f60c76c224034bb
  AppCenter: 9784d2fc998c9bd0b8fbaf4fb9ed69526d12ce1a
  CollectionKit: 8f01e7629185bb81072c4aa734d105df5c2d1c8b
  KeychainAccess: 3b1bf8a77eb4c6ea1ce9404c292e48f948954c6b
  Kingfisher: f33a848445e33c543620812158dc5d47f6bf90df
  SnapKit: 97b92857e3df3a0c71833cce143274bf6ef8e5eb
  SwiftGen: f872ca75cbd17bf7103c17f13dcfa0d9a15667b0
  SwiftLint: 55e96a4a4d537d4a3156859fc1c54bd24851a046
  TableKit: 2271557382915c5d8f25883044047a8568ab6400

PODFILE CHECKSUM: 263e6452c3c1f42da78858f133ede71407ed7d12

COCOAPODS: 1.8.4
