PODS:
  - AppCenter (2.3.0):
    - AppCenter/Analytics (= 2.3.0)
    - AppCenter/Crashes (= 2.3.0)
  - AppCenter/Analytics (2.3.0):
    - AppCenter/Core
  - AppCenter/Core (2.3.0)
  - AppCenter/Crashes (2.3.0):
    - AppCenter/Core
  - AppCenter/Distribute (2.3.0):
    - AppCenter/Core
  - SnapKit (5.0.1)
  - SwiftGen (6.1.0)
  - TableKit (2.9.0)

DEPENDENCIES:
  - AppCenter
  - AppCenter/Distribute
  - SnapKit
  - SwiftGen
  - TableKit

SPEC REPOS:
  https://github.com/CocoaPods/Specs.git:
    - AppCenter
    - SnapKit
    - SwiftGen
    - TableKit

SPEC CHECKSUMS:
  AppCenter: 9784d2fc998c9bd0b8fbaf4fb9ed69526d12ce1a
  SnapKit: 97b92857e3df3a0c71833cce143274bf6ef8e5eb
  SwiftGen: f872ca75cbd17bf7103c17f13dcfa0d9a15667b0
  TableKit: 2271557382915c5d8f25883044047a8568ab6400

PODFILE CHECKSUM: f190063d6869abfc87ee6ed4aae8f2ffb7a10713

COCOAPODS: 1.8.4
