// !$*UTF8*$!
{
	archiveVersion = 1;
	classes = {
	};
	objectVersion = 51;
	objects = {

/* Begin PBXBuildFile section */
		2DEA9CC5598E87CCCC43E905 /* Pods_DailyMenu.framework in Frameworks */ = {isa = PBXBuildFile; fileRef = 8D7FE3223F8086AC92657BC6 /* Pods_DailyMenu.framework */; };
		E7037352234FCA0300852B04 /* SignUpViewController.swift in Sources */ = {isa = PBXBuildFile; fileRef = E703734D234FCA0300852B04 /* SignUpViewController.swift */; };
		E7037353234FCA0300852B04 /* SignUpViewModel.swift in Sources */ = {isa = PBXBuildFile; fileRef = E703734E234FCA0300852B04 /* SignUpViewModel.swift */; };
		E7037354234FCA0300852B04 /* LoginViewModel.swift in Sources */ = {isa = PBXBuildFile; fileRef = E7037350234FCA0300852B04 /* LoginViewModel.swift */; };
		E7037355234FCA0300852B04 /* LoginViewController.swift in Sources */ = {isa = PBXBuildFile; fileRef = E7037351234FCA0300852B04 /* LoginViewController.swift */; };
		E7037361234FE0D600852B04 /* UIButton.swift in Sources */ = {isa = PBXBuildFile; fileRef = E7037360234FE0D600852B04 /* UIButton.swift */; };
		E7037363234FE85D00852B04 /* Layout.swift in Sources */ = {isa = PBXBuildFile; fileRef = E7037362234FE85D00852B04 /* Layout.swift */; };
		E71139AC2346A59100889AE2 /* scripts in Resources */ = {isa = PBXBuildFile; fileRef = E71139AB2346A59100889AE2 /* scripts */; };
		E71139B52346AA1100889AE2 /* RegistrationViewModel.swift in Sources */ = {isa = PBXBuildFile; fileRef = E71139B32346AA1100889AE2 /* RegistrationViewModel.swift */; };
		E71139B62346AA1100889AE2 /* RegistrationViewController.swift in Sources */ = {isa = PBXBuildFile; fileRef = E71139B42346AA1100889AE2 /* RegistrationViewController.swift */; };
		E71139CF2346AC7400889AE2 /* CheckoutViewController.swift in Sources */ = {isa = PBXBuildFile; fileRef = E71139B82346AC7400889AE2 /* CheckoutViewController.swift */; };
		E71139D02346AC7400889AE2 /* CheckoutViewModel.swift in Sources */ = {isa = PBXBuildFile; fileRef = E71139B92346AC7400889AE2 /* CheckoutViewModel.swift */; };
		E71139D12346AC7400889AE2 /* CartViewController.swift in Sources */ = {isa = PBXBuildFile; fileRef = E71139BB2346AC7400889AE2 /* CartViewController.swift */; };
		E71139D22346AC7400889AE2 /* CartViewModel.swift in Sources */ = {isa = PBXBuildFile; fileRef = E71139BC2346AC7400889AE2 /* CartViewModel.swift */; };
		E71139D32346AC7400889AE2 /* HomeViewModel.swift in Sources */ = {isa = PBXBuildFile; fileRef = E71139BE2346AC7400889AE2 /* HomeViewModel.swift */; };
		E71139D42346AC7400889AE2 /* HomeViewController.swift in Sources */ = {isa = PBXBuildFile; fileRef = E71139BF2346AC7400889AE2 /* HomeViewController.swift */; };
		E71139D52346AC7400889AE2 /* OrderPlacedViewController.swift in Sources */ = {isa = PBXBuildFile; fileRef = E71139C12346AC7400889AE2 /* OrderPlacedViewController.swift */; };
		E71139D62346AC7400889AE2 /* OrderPlacedViewModel.swift in Sources */ = {isa = PBXBuildFile; fileRef = E71139C22346AC7400889AE2 /* OrderPlacedViewModel.swift */; };
		E71139D72346AC7400889AE2 /* OrderStatusViewModel.swift in Sources */ = {isa = PBXBuildFile; fileRef = E71139C42346AC7400889AE2 /* OrderStatusViewModel.swift */; };
		E71139D82346AC7400889AE2 /* OrderStatusViewController.swift in Sources */ = {isa = PBXBuildFile; fileRef = E71139C52346AC7400889AE2 /* OrderStatusViewController.swift */; };
		E71139D92346AC7400889AE2 /* GreetingViewModel.swift in Sources */ = {isa = PBXBuildFile; fileRef = E71139C72346AC7400889AE2 /* GreetingViewModel.swift */; };
		E71139DA2346AC7400889AE2 /* GreetingViewController.swift in Sources */ = {isa = PBXBuildFile; fileRef = E71139C82346AC7400889AE2 /* GreetingViewController.swift */; };
		E71139DB2346AC7400889AE2 /* DeliveryLocationViewController.swift in Sources */ = {isa = PBXBuildFile; fileRef = E71139CA2346AC7400889AE2 /* DeliveryLocationViewController.swift */; };
		E71139DC2346AC7400889AE2 /* DeliveryLocationViewModel.swift in Sources */ = {isa = PBXBuildFile; fileRef = E71139CB2346AC7400889AE2 /* DeliveryLocationViewModel.swift */; };
		E71139DD2346AC7400889AE2 /* ItemViewModel.swift in Sources */ = {isa = PBXBuildFile; fileRef = E71139CD2346AC7400889AE2 /* ItemViewModel.swift */; };
		E71139DE2346AC7400889AE2 /* ItemViewController.swift in Sources */ = {isa = PBXBuildFile; fileRef = E71139CE2346AC7400889AE2 /* ItemViewController.swift */; };
		E71139E22346AC7D00889AE2 /* RestaurantViewModel.swift in Sources */ = {isa = PBXBuildFile; fileRef = E71139E02346AC7D00889AE2 /* RestaurantViewModel.swift */; };
		E71139E32346AC7D00889AE2 /* RestaurantViewController.swift in Sources */ = {isa = PBXBuildFile; fileRef = E71139E12346AC7D00889AE2 /* RestaurantViewController.swift */; };
		E71139E62346ACF300889AE2 /* NetworkClient.swift in Sources */ = {isa = PBXBuildFile; fileRef = E71139E52346ACF300889AE2 /* NetworkClient.swift */; };
		E71139EF2346AF0500889AE2 /* SettingsViewModel.swift in Sources */ = {isa = PBXBuildFile; fileRef = E71139ED2346AF0500889AE2 /* SettingsViewModel.swift */; };
		E71139F02346AF0500889AE2 /* SettingsViewController.swift in Sources */ = {isa = PBXBuildFile; fileRef = E71139EE2346AF0500889AE2 /* SettingsViewController.swift */; };
		E71139F42346AFE300889AE2 /* RestaurantsViewController.swift in Sources */ = {isa = PBXBuildFile; fileRef = E71139F22346AFE300889AE2 /* RestaurantsViewController.swift */; };
		E71139F52346AFE300889AE2 /* RestaurantsViewModel.swift in Sources */ = {isa = PBXBuildFile; fileRef = E71139F32346AFE300889AE2 /* RestaurantsViewModel.swift */; };
		E768FC9B2353DD2B0042A696 /* Common.swift in Sources */ = {isa = PBXBuildFile; fileRef = E768FC9A2353DD2B0042A696 /* Common.swift */; };
		E772FC7323591E4500B3D704 /* Color.swift in Sources */ = {isa = PBXBuildFile; fileRef = E772FC7223591E4500B3D704 /* Color.swift */; };
		E772FC7523591F9200B3D704 /* Assets.swift in Sources */ = {isa = PBXBuildFile; fileRef = E772FC7423591F9200B3D704 /* Assets.swift */; };
		E779CDB4235B72FE0004E520 /* AppCoordinator.swift in Sources */ = {isa = PBXBuildFile; fileRef = E779CDB3235B72FE0004E520 /* AppCoordinator.swift */; };
		E7C6035F233D3ECA004686DB /* AppDelegate.swift in Sources */ = {isa = PBXBuildFile; fileRef = E7C6035E233D3ECA004686DB /* AppDelegate.swift */; };
		E7C60368233D3ECC004686DB /* Images.xcassets in Resources */ = {isa = PBXBuildFile; fileRef = E7C60367233D3ECC004686DB /* Images.xcassets */; };
		E7C6036B233D3ECC004686DB /* LaunchScreen.storyboard in Resources */ = {isa = PBXBuildFile; fileRef = E7C60369233D3ECC004686DB /* LaunchScreen.storyboard */; };
		E7C6038F233D5F5B004686DB /* DailyMenuTests.swift in Sources */ = {isa = PBXBuildFile; fileRef = E7C6038E233D5F5B004686DB /* DailyMenuTests.swift */; };
		E7C60398233D60C7004686DB /* fastlane in Resources */ = {isa = PBXBuildFile; fileRef = E7C60397233D60C7004686DB /* fastlane */; };
		E7DFC6E02358FE030003C46C /* UIKit.swift in Sources */ = {isa = PBXBuildFile; fileRef = E7DFC6DF2358FE030003C46C /* UIKit.swift */; };
		E7DFC6E823590EE80003C46C /* Colors.xcassets in Resources */ = {isa = PBXBuildFile; fileRef = E7DFC6E723590EE80003C46C /* Colors.xcassets */; };
/* End PBXBuildFile section */

/* Begin PBXContainerItemProxy section */
		E7C60391233D5F5B004686DB /* PBXContainerItemProxy */ = {
			isa = PBXContainerItemProxy;
			containerPortal = E7C60353233D3ECA004686DB /* Project object */;
			proxyType = 1;
			remoteGlobalIDString = E7C6035A233D3ECA004686DB;
			remoteInfo = DailyMenu;
		};
/* End PBXContainerItemProxy section */

/* Begin PBXFileReference section */
		75F490B44B3E77573DC08F59 /* Pods-DailyMenu.release.xcconfig */ = {isa = PBXFileReference; includeInIndex = 1; lastKnownFileType = text.xcconfig; name = "Pods-DailyMenu.release.xcconfig"; path = "Target Support Files/Pods-DailyMenu/Pods-DailyMenu.release.xcconfig"; sourceTree = "<group>"; };
		8D7FE3223F8086AC92657BC6 /* Pods_DailyMenu.framework */ = {isa = PBXFileReference; explicitFileType = wrapper.framework; includeInIndex = 0; path = Pods_DailyMenu.framework; sourceTree = BUILT_PRODUCTS_DIR; };
		E703734D234FCA0300852B04 /* SignUpViewController.swift */ = {isa = PBXFileReference; fileEncoding = 4; lastKnownFileType = sourcecode.swift; path = SignUpViewController.swift; sourceTree = "<group>"; };
		E703734E234FCA0300852B04 /* SignUpViewModel.swift */ = {isa = PBXFileReference; fileEncoding = 4; lastKnownFileType = sourcecode.swift; path = SignUpViewModel.swift; sourceTree = "<group>"; };
		E7037350234FCA0300852B04 /* LoginViewModel.swift */ = {isa = PBXFileReference; fileEncoding = 4; lastKnownFileType = sourcecode.swift; path = LoginViewModel.swift; sourceTree = "<group>"; };
		E7037351234FCA0300852B04 /* LoginViewController.swift */ = {isa = PBXFileReference; fileEncoding = 4; lastKnownFileType = sourcecode.swift; path = LoginViewController.swift; sourceTree = "<group>"; };
		E7037360234FE0D600852B04 /* UIButton.swift */ = {isa = PBXFileReference; lastKnownFileType = sourcecode.swift; path = UIButton.swift; sourceTree = "<group>"; };
		E7037362234FE85D00852B04 /* Layout.swift */ = {isa = PBXFileReference; lastKnownFileType = sourcecode.swift; path = Layout.swift; sourceTree = "<group>"; };
		E71139AB2346A59100889AE2 /* scripts */ = {isa = PBXFileReference; fileEncoding = 4; lastKnownFileType = text; path = scripts; sourceTree = SOURCE_ROOT; };
		E71139B32346AA1100889AE2 /* RegistrationViewModel.swift */ = {isa = PBXFileReference; fileEncoding = 4; lastKnownFileType = sourcecode.swift; path = RegistrationViewModel.swift; sourceTree = "<group>"; };
		E71139B42346AA1100889AE2 /* RegistrationViewController.swift */ = {isa = PBXFileReference; fileEncoding = 4; lastKnownFileType = sourcecode.swift; path = RegistrationViewController.swift; sourceTree = "<group>"; };
		E71139B82346AC7400889AE2 /* CheckoutViewController.swift */ = {isa = PBXFileReference; fileEncoding = 4; lastKnownFileType = sourcecode.swift; path = CheckoutViewController.swift; sourceTree = "<group>"; };
		E71139B92346AC7400889AE2 /* CheckoutViewModel.swift */ = {isa = PBXFileReference; fileEncoding = 4; lastKnownFileType = sourcecode.swift; path = CheckoutViewModel.swift; sourceTree = "<group>"; };
		E71139BB2346AC7400889AE2 /* CartViewController.swift */ = {isa = PBXFileReference; fileEncoding = 4; lastKnownFileType = sourcecode.swift; path = CartViewController.swift; sourceTree = "<group>"; };
		E71139BC2346AC7400889AE2 /* CartViewModel.swift */ = {isa = PBXFileReference; fileEncoding = 4; lastKnownFileType = sourcecode.swift; path = CartViewModel.swift; sourceTree = "<group>"; };
		E71139BE2346AC7400889AE2 /* HomeViewModel.swift */ = {isa = PBXFileReference; fileEncoding = 4; lastKnownFileType = sourcecode.swift; path = HomeViewModel.swift; sourceTree = "<group>"; };
		E71139BF2346AC7400889AE2 /* HomeViewController.swift */ = {isa = PBXFileReference; fileEncoding = 4; lastKnownFileType = sourcecode.swift; path = HomeViewController.swift; sourceTree = "<group>"; };
		E71139C12346AC7400889AE2 /* OrderPlacedViewController.swift */ = {isa = PBXFileReference; fileEncoding = 4; lastKnownFileType = sourcecode.swift; path = OrderPlacedViewController.swift; sourceTree = "<group>"; };
		E71139C22346AC7400889AE2 /* OrderPlacedViewModel.swift */ = {isa = PBXFileReference; fileEncoding = 4; lastKnownFileType = sourcecode.swift; path = OrderPlacedViewModel.swift; sourceTree = "<group>"; };
		E71139C42346AC7400889AE2 /* OrderStatusViewModel.swift */ = {isa = PBXFileReference; fileEncoding = 4; lastKnownFileType = sourcecode.swift; path = OrderStatusViewModel.swift; sourceTree = "<group>"; };
		E71139C52346AC7400889AE2 /* OrderStatusViewController.swift */ = {isa = PBXFileReference; fileEncoding = 4; lastKnownFileType = sourcecode.swift; path = OrderStatusViewController.swift; sourceTree = "<group>"; };
		E71139C72346AC7400889AE2 /* GreetingViewModel.swift */ = {isa = PBXFileReference; fileEncoding = 4; lastKnownFileType = sourcecode.swift; path = GreetingViewModel.swift; sourceTree = "<group>"; };
		E71139C82346AC7400889AE2 /* GreetingViewController.swift */ = {isa = PBXFileReference; fileEncoding = 4; lastKnownFileType = sourcecode.swift; path = GreetingViewController.swift; sourceTree = "<group>"; };
		E71139CA2346AC7400889AE2 /* DeliveryLocationViewController.swift */ = {isa = PBXFileReference; fileEncoding = 4; lastKnownFileType = sourcecode.swift; path = DeliveryLocationViewController.swift; sourceTree = "<group>"; };
		E71139CB2346AC7400889AE2 /* DeliveryLocationViewModel.swift */ = {isa = PBXFileReference; fileEncoding = 4; lastKnownFileType = sourcecode.swift; path = DeliveryLocationViewModel.swift; sourceTree = "<group>"; };
		E71139CD2346AC7400889AE2 /* ItemViewModel.swift */ = {isa = PBXFileReference; fileEncoding = 4; lastKnownFileType = sourcecode.swift; path = ItemViewModel.swift; sourceTree = "<group>"; };
		E71139CE2346AC7400889AE2 /* ItemViewController.swift */ = {isa = PBXFileReference; fileEncoding = 4; lastKnownFileType = sourcecode.swift; path = ItemViewController.swift; sourceTree = "<group>"; };
		E71139E02346AC7D00889AE2 /* RestaurantViewModel.swift */ = {isa = PBXFileReference; fileEncoding = 4; lastKnownFileType = sourcecode.swift; path = RestaurantViewModel.swift; sourceTree = "<group>"; };
		E71139E12346AC7D00889AE2 /* RestaurantViewController.swift */ = {isa = PBXFileReference; fileEncoding = 4; lastKnownFileType = sourcecode.swift; path = RestaurantViewController.swift; sourceTree = "<group>"; };
		E71139E52346ACF300889AE2 /* NetworkClient.swift */ = {isa = PBXFileReference; lastKnownFileType = sourcecode.swift; path = NetworkClient.swift; sourceTree = "<group>"; };
		E71139ED2346AF0500889AE2 /* SettingsViewModel.swift */ = {isa = PBXFileReference; fileEncoding = 4; lastKnownFileType = sourcecode.swift; path = SettingsViewModel.swift; sourceTree = "<group>"; };
		E71139EE2346AF0500889AE2 /* SettingsViewController.swift */ = {isa = PBXFileReference; fileEncoding = 4; lastKnownFileType = sourcecode.swift; path = SettingsViewController.swift; sourceTree = "<group>"; };
		E71139F22346AFE300889AE2 /* RestaurantsViewController.swift */ = {isa = PBXFileReference; fileEncoding = 4; lastKnownFileType = sourcecode.swift; path = RestaurantsViewController.swift; sourceTree = "<group>"; };
		E71139F32346AFE300889AE2 /* RestaurantsViewModel.swift */ = {isa = PBXFileReference; fileEncoding = 4; lastKnownFileType = sourcecode.swift; path = RestaurantsViewModel.swift; sourceTree = "<group>"; };
		E768FC9A2353DD2B0042A696 /* Common.swift */ = {isa = PBXFileReference; lastKnownFileType = sourcecode.swift; path = Common.swift; sourceTree = "<group>"; };
		E772FC7223591E4500B3D704 /* Color.swift */ = {isa = PBXFileReference; lastKnownFileType = sourcecode.swift; name = Color.swift; path = ../../../../../../.Trash/Color.swift; sourceTree = "<group>"; };
		E772FC7423591F9200B3D704 /* Assets.swift */ = {isa = PBXFileReference; fileEncoding = 4; lastKnownFileType = sourcecode.swift; path = Assets.swift; sourceTree = "<group>"; };
		E779CDB3235B72FE0004E520 /* AppCoordinator.swift */ = {isa = PBXFileReference; lastKnownFileType = sourcecode.swift; path = AppCoordinator.swift; sourceTree = "<group>"; };
		E7C6035B233D3ECA004686DB /* Daily Menu.app */ = {isa = PBXFileReference; explicitFileType = wrapper.application; includeInIndex = 0; path = "Daily Menu.app"; sourceTree = BUILT_PRODUCTS_DIR; };
		E7C6035E233D3ECA004686DB /* AppDelegate.swift */ = {isa = PBXFileReference; lastKnownFileType = sourcecode.swift; path = AppDelegate.swift; sourceTree = "<group>"; };
		E7C60367233D3ECC004686DB /* Images.xcassets */ = {isa = PBXFileReference; lastKnownFileType = folder.assetcatalog; path = Images.xcassets; sourceTree = "<group>"; };
		E7C6036A233D3ECC004686DB /* Base */ = {isa = PBXFileReference; lastKnownFileType = file.storyboard; name = Base; path = Base.lproj/LaunchScreen.storyboard; sourceTree = "<group>"; };
		E7C6038C233D5F5B004686DB /* DailyMenuTests.xctest */ = {isa = PBXFileReference; explicitFileType = wrapper.cfbundle; includeInIndex = 0; path = DailyMenuTests.xctest; sourceTree = BUILT_PRODUCTS_DIR; };
		E7C6038E233D5F5B004686DB /* DailyMenuTests.swift */ = {isa = PBXFileReference; lastKnownFileType = sourcecode.swift; path = DailyMenuTests.swift; sourceTree = "<group>"; };
		E7C60390233D5F5B004686DB /* Info.plist */ = {isa = PBXFileReference; lastKnownFileType = text.plist.xml; path = Info.plist; sourceTree = "<group>"; };
		E7C60396233D5FA3004686DB /* Info.plist */ = {isa = PBXFileReference; lastKnownFileType = text.plist.xml; path = Info.plist; sourceTree = "<group>"; };
		E7C60397233D60C7004686DB /* fastlane */ = {isa = PBXFileReference; fileEncoding = 4; lastKnownFileType = text; path = fastlane; sourceTree = SOURCE_ROOT; };
		E7DFC6DF2358FE030003C46C /* UIKit.swift */ = {isa = PBXFileReference; lastKnownFileType = sourcecode.swift; path = UIKit.swift; sourceTree = "<group>"; };
		E7DFC6E723590EE80003C46C /* Colors.xcassets */ = {isa = PBXFileReference; lastKnownFileType = folder.assetcatalog; path = Colors.xcassets; sourceTree = "<group>"; };
		F6978153A996CCA2C94A5A5E /* Pods-DailyMenu.debug.xcconfig */ = {isa = PBXFileReference; includeInIndex = 1; lastKnownFileType = text.xcconfig; name = "Pods-DailyMenu.debug.xcconfig"; path = "Target Support Files/Pods-DailyMenu/Pods-DailyMenu.debug.xcconfig"; sourceTree = "<group>"; };
/* End PBXFileReference section */

/* Begin PBXFrameworksBuildPhase section */
		E7C60358233D3ECA004686DB /* Frameworks */ = {
			isa = PBXFrameworksBuildPhase;
			buildActionMask = 2147483647;
			files = (
				2DEA9CC5598E87CCCC43E905 /* Pods_DailyMenu.framework in Frameworks */,
			);
			runOnlyForDeploymentPostprocessing = 0;
		};
		E7C60389233D5F5B004686DB /* Frameworks */ = {
			isa = PBXFrameworksBuildPhase;
			buildActionMask = 2147483647;
			files = (
			);
			runOnlyForDeploymentPostprocessing = 0;
		};
/* End PBXFrameworksBuildPhase section */

/* Begin PBXGroup section */
		22D096F87F0E8100F31DF346 /* Pods */ = {
			isa = PBXGroup;
			children = (
				F6978153A996CCA2C94A5A5E /* Pods-DailyMenu.debug.xcconfig */,
				75F490B44B3E77573DC08F59 /* Pods-DailyMenu.release.xcconfig */,
			);
			path = Pods;
			sourceTree = "<group>";
		};
		E7037349234FB54000852B04 /* DailyMenu */ = {
			isa = PBXGroup;
			children = (
				E7C60379233D57AD004686DB /* Source */,
				E7C60378233D57A8004686DB /* Resources */,
			);
			path = DailyMenu;
			sourceTree = "<group>";
		};
		E703734C234FCA0300852B04 /* SignUp */ = {
			isa = PBXGroup;
			children = (
				E703734D234FCA0300852B04 /* SignUpViewController.swift */,
				E703734E234FCA0300852B04 /* SignUpViewModel.swift */,
			);
			name = SignUp;
			path = Source/Screens/SignUp;
			sourceTree = SOURCE_ROOT;
		};
		E703734F234FCA0300852B04 /* Login */ = {
			isa = PBXGroup;
			children = (
				E7037350234FCA0300852B04 /* LoginViewModel.swift */,
				E7037351234FCA0300852B04 /* LoginViewController.swift */,
			);
			name = Login;
			path = Source/Screens/Login;
			sourceTree = SOURCE_ROOT;
		};
		E703735D234FD7C800852B04 /* Extensions */ = {
			isa = PBXGroup;
			children = (
				E772FC76235920AC00B3D704 /* UI */,
				E772FC7223591E4500B3D704 /* Color.swift */,
				E768FC9A2353DD2B0042A696 /* Common.swift */,
			);
			path = Extensions;
			sourceTree = "<group>";
		};
		E71139A823469FAF00889AE2 /* Screens */ = {
			isa = PBXGroup;
			children = (
				E71139BD2346AC7400889AE2 /* Home */,
				E71139F12346AFE300889AE2 /* Restaurants */,
				E71139DF2346AC7D00889AE2 /* Restaurant */,
				E71139CC2346AC7400889AE2 /* Item */,
				E71139BA2346AC7400889AE2 /* Cart */,
				E71139B72346AC7400889AE2 /* Checkout */,
				E71139C92346AC7400889AE2 /* DeliveryLocation */,
				E71139C62346AC7400889AE2 /* Greeting */,
				E71139C02346AC7400889AE2 /* OrderPlaced */,
				E71139C32346AC7400889AE2 /* OrderStatus */,
				E71139B22346AA1100889AE2 /* Registration */,
				E71139EC2346AF0500889AE2 /* Settings */,
			);
			path = Screens;
			sourceTree = "<group>";
		};
		E71139B22346AA1100889AE2 /* Registration */ = {
			isa = PBXGroup;
			children = (
				E71139B32346AA1100889AE2 /* RegistrationViewModel.swift */,
				E71139B42346AA1100889AE2 /* RegistrationViewController.swift */,
			);
			path = Registration;
			sourceTree = "<group>";
		};
		E71139B72346AC7400889AE2 /* Checkout */ = {
			isa = PBXGroup;
			children = (
				E71139B82346AC7400889AE2 /* CheckoutViewController.swift */,
				E71139B92346AC7400889AE2 /* CheckoutViewModel.swift */,
			);
			path = Checkout;
			sourceTree = "<group>";
		};
		E71139BA2346AC7400889AE2 /* Cart */ = {
			isa = PBXGroup;
			children = (
				E71139BB2346AC7400889AE2 /* CartViewController.swift */,
				E71139BC2346AC7400889AE2 /* CartViewModel.swift */,
			);
			path = Cart;
			sourceTree = "<group>";
		};
		E71139BD2346AC7400889AE2 /* Home */ = {
			isa = PBXGroup;
			children = (
				E71139BE2346AC7400889AE2 /* HomeViewModel.swift */,
				E71139BF2346AC7400889AE2 /* HomeViewController.swift */,
			);
			path = Home;
			sourceTree = "<group>";
		};
		E71139C02346AC7400889AE2 /* OrderPlaced */ = {
			isa = PBXGroup;
			children = (
				E71139C12346AC7400889AE2 /* OrderPlacedViewController.swift */,
				E71139C22346AC7400889AE2 /* OrderPlacedViewModel.swift */,
			);
			path = OrderPlaced;
			sourceTree = "<group>";
		};
		E71139C32346AC7400889AE2 /* OrderStatus */ = {
			isa = PBXGroup;
			children = (
				E71139C42346AC7400889AE2 /* OrderStatusViewModel.swift */,
				E71139C52346AC7400889AE2 /* OrderStatusViewController.swift */,
			);
			path = OrderStatus;
			sourceTree = "<group>";
		};
		E71139C62346AC7400889AE2 /* Greeting */ = {
			isa = PBXGroup;
			children = (
				E703734F234FCA0300852B04 /* Login */,
				E703734C234FCA0300852B04 /* SignUp */,
				E71139C72346AC7400889AE2 /* GreetingViewModel.swift */,
				E71139C82346AC7400889AE2 /* GreetingViewController.swift */,
			);
			path = Greeting;
			sourceTree = "<group>";
		};
		E71139C92346AC7400889AE2 /* DeliveryLocation */ = {
			isa = PBXGroup;
			children = (
				E71139CA2346AC7400889AE2 /* DeliveryLocationViewController.swift */,
				E71139CB2346AC7400889AE2 /* DeliveryLocationViewModel.swift */,
			);
			path = DeliveryLocation;
			sourceTree = "<group>";
		};
		E71139CC2346AC7400889AE2 /* Item */ = {
			isa = PBXGroup;
			children = (
				E71139CD2346AC7400889AE2 /* ItemViewModel.swift */,
				E71139CE2346AC7400889AE2 /* ItemViewController.swift */,
			);
			path = Item;
			sourceTree = "<group>";
		};
		E71139DF2346AC7D00889AE2 /* Restaurant */ = {
			isa = PBXGroup;
			children = (
				E71139E02346AC7D00889AE2 /* RestaurantViewModel.swift */,
				E71139E12346AC7D00889AE2 /* RestaurantViewController.swift */,
			);
			path = Restaurant;
			sourceTree = "<group>";
		};
		E71139E42346ACA500889AE2 /* Networking */ = {
			isa = PBXGroup;
			children = (
				E71139E52346ACF300889AE2 /* NetworkClient.swift */,
			);
			path = Networking;
			sourceTree = "<group>";
		};
		E71139E72346AD7000889AE2 /* Style */ = {
			isa = PBXGroup;
			children = (
				E7037362234FE85D00852B04 /* Layout.swift */,
			);
			path = Style;
			sourceTree = "<group>";
		};
		E71139EC2346AF0500889AE2 /* Settings */ = {
			isa = PBXGroup;
			children = (
				E71139ED2346AF0500889AE2 /* SettingsViewModel.swift */,
				E71139EE2346AF0500889AE2 /* SettingsViewController.swift */,
			);
			path = Settings;
			sourceTree = "<group>";
		};
		E71139F12346AFE300889AE2 /* Restaurants */ = {
			isa = PBXGroup;
			children = (
				E71139F22346AFE300889AE2 /* RestaurantsViewController.swift */,
				E71139F32346AFE300889AE2 /* RestaurantsViewModel.swift */,
			);
			path = Restaurants;
			sourceTree = "<group>";
		};
		E772FC76235920AC00B3D704 /* UI */ = {
			isa = PBXGroup;
			children = (
				E7DFC6DF2358FE030003C46C /* UIKit.swift */,
				E7037360234FE0D600852B04 /* UIButton.swift */,
			);
			path = UI;
			sourceTree = "<group>";
		};
		E779CDB2235B6E670004E520 /* Application */ = {
			isa = PBXGroup;
			children = (
				E7C6035E233D3ECA004686DB /* AppDelegate.swift */,
				E779CDB3235B72FE0004E520 /* AppCoordinator.swift */,
			);
			path = Application;
			sourceTree = "<group>";
		};
		E7C60352233D3ECA004686DB = {
			isa = PBXGroup;
			children = (
				E7037349234FB54000852B04 /* DailyMenu */,
				E7C6038D233D5F5B004686DB /* DailyMenuTests */,
				E7C6035C233D3ECA004686DB /* Products */,
				22D096F87F0E8100F31DF346 /* Pods */,
				F8233BB71F6893F86D137C97 /* Frameworks */,
			);
			sourceTree = "<group>";
		};
		E7C6035C233D3ECA004686DB /* Products */ = {
			isa = PBXGroup;
			children = (
				E7C6035B233D3ECA004686DB /* Daily Menu.app */,
				E7C6038C233D5F5B004686DB /* DailyMenuTests.xctest */,
			);
			name = Products;
			sourceTree = "<group>";
		};
		E7C60378233D57A8004686DB /* Resources */ = {
			isa = PBXGroup;
			children = (
				E7DFC6F023591B950003C46C /* Assets */,
				E71139AB2346A59100889AE2 /* scripts */,
				E7C60397233D60C7004686DB /* fastlane */,
				E7C60396233D5FA3004686DB /* Info.plist */,
				E7C60369233D3ECC004686DB /* LaunchScreen.storyboard */,
			);
			path = Resources;
			sourceTree = "<group>";
		};
		E7C60379233D57AD004686DB /* Source */ = {
			isa = PBXGroup;
			children = (
				E779CDB2235B6E670004E520 /* Application */,
				E71139A823469FAF00889AE2 /* Screens */,
				E71139E72346AD7000889AE2 /* Style */,
				E703735D234FD7C800852B04 /* Extensions */,
				E71139E42346ACA500889AE2 /* Networking */,
			);
			path = Source;
			sourceTree = "<group>";
		};
		E7C6038D233D5F5B004686DB /* DailyMenuTests */ = {
			isa = PBXGroup;
			children = (
				E7C6038E233D5F5B004686DB /* DailyMenuTests.swift */,
				E7C60390233D5F5B004686DB /* Info.plist */,
			);
			path = DailyMenuTests;
			sourceTree = "<group>";
		};
		E7DFC6F023591B950003C46C /* Assets */ = {
			isa = PBXGroup;
			children = (
				E7C60367233D3ECC004686DB /* Images.xcassets */,
				E7DFC6E723590EE80003C46C /* Colors.xcassets */,
				E772FC7423591F9200B3D704 /* Assets.swift */,
			);
			path = Assets;
			sourceTree = "<group>";
		};
		F8233BB71F6893F86D137C97 /* Frameworks */ = {
			isa = PBXGroup;
			children = (
				8D7FE3223F8086AC92657BC6 /* Pods_DailyMenu.framework */,
			);
			name = Frameworks;
			sourceTree = "<group>";
		};
/* End PBXGroup section */

/* Begin PBXNativeTarget section */
		E7C6035A233D3ECA004686DB /* DailyMenu */ = {
			isa = PBXNativeTarget;
			buildConfigurationList = E7C6036F233D3ECC004686DB /* Build configuration list for PBXNativeTarget "DailyMenu" */;
			buildPhases = (
				8588974FDC2B22E837D91D37 /* [CP] Check Pods Manifest.lock */,
				E7C60357233D3ECA004686DB /* Sources */,
				E7C60358233D3ECA004686DB /* Frameworks */,
				E7C60359233D3ECA004686DB /* Resources */,
				34688DBAB36DAB8BD01AF71E /* [CP] Embed Pods Frameworks */,
				882D956BBA471D7A0C79F531 /* [CP] Copy Pods Resources */,
				E7DFC6ED235919760003C46C /* SwiftGen */,
			);
			buildRules = (
			);
			dependencies = (
			);
			name = DailyMenu;
			productName = "daily-menu";
			productReference = E7C6035B233D3ECA004686DB /* Daily Menu.app */;
			productType = "com.apple.product-type.application";
		};
		E7C6038B233D5F5B004686DB /* DailyMenuTests */ = {
			isa = PBXNativeTarget;
			buildConfigurationList = E7C60393233D5F5B004686DB /* Build configuration list for PBXNativeTarget "DailyMenuTests" */;
			buildPhases = (
				E7C60388233D5F5B004686DB /* Sources */,
				E7C60389233D5F5B004686DB /* Frameworks */,
				E7C6038A233D5F5B004686DB /* Resources */,
			);
			buildRules = (
			);
			dependencies = (
				E7C60392233D5F5B004686DB /* PBXTargetDependency */,
			);
			name = DailyMenuTests;
			productName = DailyMenuTests;
			productReference = E7C6038C233D5F5B004686DB /* DailyMenuTests.xctest */;
			productType = "com.apple.product-type.bundle.unit-test";
		};
/* End PBXNativeTarget section */

/* Begin PBXProject section */
		E7C60353233D3ECA004686DB /* Project object */ = {
			isa = PBXProject;
			attributes = {
				LastSwiftUpdateCheck = 1100;
				LastUpgradeCheck = 1100;
				ORGANIZATIONNAME = epam;
				TargetAttributes = {
					E7C6035A233D3ECA004686DB = {
						CreatedOnToolsVersion = 11.0;
					};
					E7C6038B233D5F5B004686DB = {
						CreatedOnToolsVersion = 11.0;
						TestTargetID = E7C6035A233D3ECA004686DB;
					};
				};
			};
			buildConfigurationList = E7C60356233D3ECA004686DB /* Build configuration list for PBXProject "DailyMenu" */;
			compatibilityVersion = "Xcode 9.3";
			developmentRegion = en;
			hasScannedForEncodings = 0;
			knownRegions = (
				en,
				Base,
			);
			mainGroup = E7C60352233D3ECA004686DB;
			productRefGroup = E7C6035C233D3ECA004686DB /* Products */;
			projectDirPath = "";
			projectRoot = "";
			targets = (
				E7C6035A233D3ECA004686DB /* DailyMenu */,
				E7C6038B233D5F5B004686DB /* DailyMenuTests */,
			);
		};
/* End PBXProject section */

/* Begin PBXResourcesBuildPhase section */
		E7C60359233D3ECA004686DB /* Resources */ = {
			isa = PBXResourcesBuildPhase;
			buildActionMask = 2147483647;
			files = (
				E7C60398233D60C7004686DB /* fastlane in Resources */,
				E7C6036B233D3ECC004686DB /* LaunchScreen.storyboard in Resources */,
				E7DFC6E823590EE80003C46C /* Colors.xcassets in Resources */,
				E7C60368233D3ECC004686DB /* Images.xcassets in Resources */,
				E71139AC2346A59100889AE2 /* scripts in Resources */,
			);
			runOnlyForDeploymentPostprocessing = 0;
		};
		E7C6038A233D5F5B004686DB /* Resources */ = {
			isa = PBXResourcesBuildPhase;
			buildActionMask = 2147483647;
			files = (
			);
			runOnlyForDeploymentPostprocessing = 0;
		};
/* End PBXResourcesBuildPhase section */

/* Begin PBXShellScriptBuildPhase section */
		34688DBAB36DAB8BD01AF71E /* [CP] Embed Pods Frameworks */ = {
			isa = PBXShellScriptBuildPhase;
			buildActionMask = 2147483647;
			files = (
			);
			inputFileListPaths = (
				"${PODS_ROOT}/Target Support Files/Pods-DailyMenu/Pods-DailyMenu-frameworks-${CONFIGURATION}-input-files.xcfilelist",
			);
			name = "[CP] Embed Pods Frameworks";
			outputFileListPaths = (
				"${PODS_ROOT}/Target Support Files/Pods-DailyMenu/Pods-DailyMenu-frameworks-${CONFIGURATION}-output-files.xcfilelist",
			);
			runOnlyForDeploymentPostprocessing = 0;
			shellPath = /bin/sh;
			shellScript = "\"${PODS_ROOT}/Target Support Files/Pods-DailyMenu/Pods-DailyMenu-frameworks.sh\"\n";
			showEnvVarsInLog = 0;
		};
		8588974FDC2B22E837D91D37 /* [CP] Check Pods Manifest.lock */ = {
			isa = PBXShellScriptBuildPhase;
			buildActionMask = 2147483647;
			files = (
			);
			inputFileListPaths = (
			);
			inputPaths = (
				"${PODS_PODFILE_DIR_PATH}/Podfile.lock",
				"${PODS_ROOT}/Manifest.lock",
			);
			name = "[CP] Check Pods Manifest.lock";
			outputFileListPaths = (
			);
			outputPaths = (
				"$(DERIVED_FILE_DIR)/Pods-DailyMenu-checkManifestLockResult.txt",
			);
			runOnlyForDeploymentPostprocessing = 0;
			shellPath = /bin/sh;
			shellScript = "diff \"${PODS_PODFILE_DIR_PATH}/Podfile.lock\" \"${PODS_ROOT}/Manifest.lock\" > /dev/null\nif [ $? != 0 ] ; then\n    # print error to STDERR\n    echo \"error: The sandbox is not in sync with the Podfile.lock. Run 'pod install' or update your CocoaPods installation.\" >&2\n    exit 1\nfi\n# This output is used by Xcode 'outputs' to avoid re-running this script phase.\necho \"SUCCESS\" > \"${SCRIPT_OUTPUT_FILE_0}\"\n";
			showEnvVarsInLog = 0;
		};
		882D956BBA471D7A0C79F531 /* [CP] Copy Pods Resources */ = {
			isa = PBXShellScriptBuildPhase;
			buildActionMask = 2147483647;
			files = (
			);
			inputFileListPaths = (
				"${PODS_ROOT}/Target Support Files/Pods-DailyMenu/Pods-DailyMenu-resources-${CONFIGURATION}-input-files.xcfilelist",
			);
			name = "[CP] Copy Pods Resources";
			outputFileListPaths = (
				"${PODS_ROOT}/Target Support Files/Pods-DailyMenu/Pods-DailyMenu-resources-${CONFIGURATION}-output-files.xcfilelist",
			);
			runOnlyForDeploymentPostprocessing = 0;
			shellPath = /bin/sh;
			shellScript = "\"${PODS_ROOT}/Target Support Files/Pods-DailyMenu/Pods-DailyMenu-resources.sh\"\n";
			showEnvVarsInLog = 0;
		};
		E7DFC6ED235919760003C46C /* SwiftGen */ = {
			isa = PBXShellScriptBuildPhase;
			buildActionMask = 2147483647;
			files = (
			);
			inputFileListPaths = (
			);
			inputPaths = (
			);
			name = SwiftGen;
			outputFileListPaths = (
			);
			outputPaths = (
			);
			runOnlyForDeploymentPostprocessing = 0;
			shellPath = /bin/sh;
			shellScript = "$PODS_ROOT/SwiftGen/bin/swiftgen xcassets -t swift4 -o ${SRCROOT}/DailyMenu/Resources/Assets/Assets.swift ${SRCROOT}/DailyMenu/Resources/Assets/Images.xcassets\n";
		};
/* End PBXShellScriptBuildPhase section */

/* Begin PBXSourcesBuildPhase section */
		E7C60357233D3ECA004686DB /* Sources */ = {
			isa = PBXSourcesBuildPhase;
			buildActionMask = 2147483647;
			files = (
				E71139DB2346AC7400889AE2 /* DeliveryLocationViewController.swift in Sources */,
				E779CDB4235B72FE0004E520 /* AppCoordinator.swift in Sources */,
				E71139D02346AC7400889AE2 /* CheckoutViewModel.swift in Sources */,
				E71139D32346AC7400889AE2 /* HomeViewModel.swift in Sources */,
				E71139D12346AC7400889AE2 /* CartViewController.swift in Sources */,
				E71139B52346AA1100889AE2 /* RegistrationViewModel.swift in Sources */,
				E71139D82346AC7400889AE2 /* OrderStatusViewController.swift in Sources */,
				E71139DC2346AC7400889AE2 /* DeliveryLocationViewModel.swift in Sources */,
				E71139F52346AFE300889AE2 /* RestaurantsViewModel.swift in Sources */,
				E71139D42346AC7400889AE2 /* HomeViewController.swift in Sources */,
				E772FC7323591E4500B3D704 /* Color.swift in Sources */,
				E71139E32346AC7D00889AE2 /* RestaurantViewController.swift in Sources */,
				E7037355234FCA0300852B04 /* LoginViewController.swift in Sources */,
				E71139DD2346AC7400889AE2 /* ItemViewModel.swift in Sources */,
				E71139D62346AC7400889AE2 /* OrderPlacedViewModel.swift in Sources */,
				E71139D92346AC7400889AE2 /* GreetingViewModel.swift in Sources */,
				E71139D72346AC7400889AE2 /* OrderStatusViewModel.swift in Sources */,
				E7037361234FE0D600852B04 /* UIButton.swift in Sources */,
				E7037352234FCA0300852B04 /* SignUpViewController.swift in Sources */,
				E7037354234FCA0300852B04 /* LoginViewModel.swift in Sources */,
				E71139E22346AC7D00889AE2 /* RestaurantViewModel.swift in Sources */,
				E71139D22346AC7400889AE2 /* CartViewModel.swift in Sources */,
				E71139B62346AA1100889AE2 /* RegistrationViewController.swift in Sources */,
				E71139DA2346AC7400889AE2 /* GreetingViewController.swift in Sources */,
				E71139CF2346AC7400889AE2 /* CheckoutViewController.swift in Sources */,
				E7037353234FCA0300852B04 /* SignUpViewModel.swift in Sources */,
				E71139F42346AFE300889AE2 /* RestaurantsViewController.swift in Sources */,
				E71139EF2346AF0500889AE2 /* SettingsViewModel.swift in Sources */,
				E7DFC6E02358FE030003C46C /* UIKit.swift in Sources */,
				E7037363234FE85D00852B04 /* Layout.swift in Sources */,
				E772FC7523591F9200B3D704 /* Assets.swift in Sources */,
				E71139DE2346AC7400889AE2 /* ItemViewController.swift in Sources */,
				E71139D52346AC7400889AE2 /* OrderPlacedViewController.swift in Sources */,
				E768FC9B2353DD2B0042A696 /* Common.swift in Sources */,
				E71139E62346ACF300889AE2 /* NetworkClient.swift in Sources */,
				E7C6035F233D3ECA004686DB /* AppDelegate.swift in Sources */,
				E71139F02346AF0500889AE2 /* SettingsViewController.swift in Sources */,
			);
			runOnlyForDeploymentPostprocessing = 0;
		};
		E7C60388233D5F5B004686DB /* Sources */ = {
			isa = PBXSourcesBuildPhase;
			buildActionMask = 2147483647;
			files = (
				E7C6038F233D5F5B004686DB /* DailyMenuTests.swift in Sources */,
			);
			runOnlyForDeploymentPostprocessing = 0;
		};
/* End PBXSourcesBuildPhase section */

/* Begin PBXTargetDependency section */
		E7C60392233D5F5B004686DB /* PBXTargetDependency */ = {
			isa = PBXTargetDependency;
			target = E7C6035A233D3ECA004686DB /* DailyMenu */;
			targetProxy = E7C60391233D5F5B004686DB /* PBXContainerItemProxy */;
		};
/* End PBXTargetDependency section */

/* Begin PBXVariantGroup section */
		E7C60369233D3ECC004686DB /* LaunchScreen.storyboard */ = {
			isa = PBXVariantGroup;
			children = (
				E7C6036A233D3ECC004686DB /* Base */,
			);
			name = LaunchScreen.storyboard;
			sourceTree = "<group>";
		};
/* End PBXVariantGroup section */

/* Begin XCBuildConfiguration section */
		E7C6036D233D3ECC004686DB /* Debug */ = {
			isa = XCBuildConfiguration;
			buildSettings = {
				ALWAYS_SEARCH_USER_PATHS = NO;
				CLANG_ANALYZER_NONNULL = YES;
				CLANG_ANALYZER_NUMBER_OBJECT_CONVERSION = YES_AGGRESSIVE;
				CLANG_CXX_LANGUAGE_STANDARD = "gnu++14";
				CLANG_CXX_LIBRARY = "libc++";
				CLANG_ENABLE_MODULES = YES;
				CLANG_ENABLE_OBJC_ARC = YES;
				CLANG_ENABLE_OBJC_WEAK = YES;
				CLANG_WARN_BLOCK_CAPTURE_AUTORELEASING = YES;
				CLANG_WARN_BOOL_CONVERSION = YES;
				CLANG_WARN_COMMA = YES;
				CLANG_WARN_CONSTANT_CONVERSION = YES;
				CLANG_WARN_DEPRECATED_OBJC_IMPLEMENTATIONS = YES;
				CLANG_WARN_DIRECT_OBJC_ISA_USAGE = YES_ERROR;
				CLANG_WARN_DOCUMENTATION_COMMENTS = YES;
				CLANG_WARN_EMPTY_BODY = YES;
				CLANG_WARN_ENUM_CONVERSION = YES;
				CLANG_WARN_INFINITE_RECURSION = YES;
				CLANG_WARN_INT_CONVERSION = YES;
				CLANG_WARN_NON_LITERAL_NULL_CONVERSION = YES;
				CLANG_WARN_OBJC_IMPLICIT_RETAIN_SELF = YES;
				CLANG_WARN_OBJC_LITERAL_CONVERSION = YES;
				CLANG_WARN_OBJC_ROOT_CLASS = YES_ERROR;
				CLANG_WARN_RANGE_LOOP_ANALYSIS = YES;
				CLANG_WARN_STRICT_PROTOTYPES = YES;
				CLANG_WARN_SUSPICIOUS_MOVE = YES;
				CLANG_WARN_UNGUARDED_AVAILABILITY = YES_AGGRESSIVE;
				CLANG_WARN_UNREACHABLE_CODE = YES;
				CLANG_WARN__DUPLICATE_METHOD_MATCH = YES;
				COPY_PHASE_STRIP = NO;
				DEBUG_INFORMATION_FORMAT = dwarf;
				ENABLE_STRICT_OBJC_MSGSEND = YES;
				ENABLE_TESTABILITY = YES;
				GCC_C_LANGUAGE_STANDARD = gnu11;
				GCC_DYNAMIC_NO_PIC = NO;
				GCC_NO_COMMON_BLOCKS = YES;
				GCC_OPTIMIZATION_LEVEL = 0;
				GCC_PREPROCESSOR_DEFINITIONS = (
					"DEBUG=1",
					"$(inherited)",
				);
				GCC_WARN_64_TO_32_BIT_CONVERSION = YES;
				GCC_WARN_ABOUT_RETURN_TYPE = YES_ERROR;
				GCC_WARN_UNDECLARED_SELECTOR = YES;
				GCC_WARN_UNINITIALIZED_AUTOS = YES_AGGRESSIVE;
				GCC_WARN_UNUSED_FUNCTION = YES;
				GCC_WARN_UNUSED_VARIABLE = YES;
				IPHONEOS_DEPLOYMENT_TARGET = 10.0;
				MTL_ENABLE_DEBUG_INFO = INCLUDE_SOURCE;
				MTL_FAST_MATH = YES;
				ONLY_ACTIVE_ARCH = YES;
				SDKROOT = iphoneos;
				SWIFT_ACTIVE_COMPILATION_CONDITIONS = DEBUG;
				SWIFT_OPTIMIZATION_LEVEL = "-Onone";
			};
			name = Debug;
		};
		E7C6036E233D3ECC004686DB /* Release */ = {
			isa = XCBuildConfiguration;
			buildSettings = {
				ALWAYS_SEARCH_USER_PATHS = NO;
				CLANG_ANALYZER_NONNULL = YES;
				CLANG_ANALYZER_NUMBER_OBJECT_CONVERSION = YES_AGGRESSIVE;
				CLANG_CXX_LANGUAGE_STANDARD = "gnu++14";
				CLANG_CXX_LIBRARY = "libc++";
				CLANG_ENABLE_MODULES = YES;
				CLANG_ENABLE_OBJC_ARC = YES;
				CLANG_ENABLE_OBJC_WEAK = YES;
				CLANG_WARN_BLOCK_CAPTURE_AUTORELEASING = YES;
				CLANG_WARN_BOOL_CONVERSION = YES;
				CLANG_WARN_COMMA = YES;
				CLANG_WARN_CONSTANT_CONVERSION = YES;
				CLANG_WARN_DEPRECATED_OBJC_IMPLEMENTATIONS = YES;
				CLANG_WARN_DIRECT_OBJC_ISA_USAGE = YES_ERROR;
				CLANG_WARN_DOCUMENTATION_COMMENTS = YES;
				CLANG_WARN_EMPTY_BODY = YES;
				CLANG_WARN_ENUM_CONVERSION = YES;
				CLANG_WARN_INFINITE_RECURSION = YES;
				CLANG_WARN_INT_CONVERSION = YES;
				CLANG_WARN_NON_LITERAL_NULL_CONVERSION = YES;
				CLANG_WARN_OBJC_IMPLICIT_RETAIN_SELF = YES;
				CLANG_WARN_OBJC_LITERAL_CONVERSION = YES;
				CLANG_WARN_OBJC_ROOT_CLASS = YES_ERROR;
				CLANG_WARN_RANGE_LOOP_ANALYSIS = YES;
				CLANG_WARN_STRICT_PROTOTYPES = YES;
				CLANG_WARN_SUSPICIOUS_MOVE = YES;
				CLANG_WARN_UNGUARDED_AVAILABILITY = YES_AGGRESSIVE;
				CLANG_WARN_UNREACHABLE_CODE = YES;
				CLANG_WARN__DUPLICATE_METHOD_MATCH = YES;
				COPY_PHASE_STRIP = NO;
				DEBUG_INFORMATION_FORMAT = "dwarf-with-dsym";
				ENABLE_NS_ASSERTIONS = NO;
				ENABLE_STRICT_OBJC_MSGSEND = YES;
				GCC_C_LANGUAGE_STANDARD = gnu11;
				GCC_NO_COMMON_BLOCKS = YES;
				GCC_WARN_64_TO_32_BIT_CONVERSION = YES;
				GCC_WARN_ABOUT_RETURN_TYPE = YES_ERROR;
				GCC_WARN_UNDECLARED_SELECTOR = YES;
				GCC_WARN_UNINITIALIZED_AUTOS = YES_AGGRESSIVE;
				GCC_WARN_UNUSED_FUNCTION = YES;
				GCC_WARN_UNUSED_VARIABLE = YES;
				IPHONEOS_DEPLOYMENT_TARGET = 10.0;
				MTL_ENABLE_DEBUG_INFO = NO;
				MTL_FAST_MATH = YES;
				SDKROOT = iphoneos;
				SWIFT_COMPILATION_MODE = wholemodule;
				SWIFT_OPTIMIZATION_LEVEL = "-O";
				VALIDATE_PRODUCT = YES;
			};
			name = Release;
		};
		E7C60370233D3ECC004686DB /* Debug */ = {
			isa = XCBuildConfiguration;
			baseConfigurationReference = F6978153A996CCA2C94A5A5E /* Pods-DailyMenu.debug.xcconfig */;
			buildSettings = {
				ASSETCATALOG_COMPILER_APPICON_NAME = AppIcon;
				CODE_SIGN_IDENTITY = "iPhone Distribution";
				CODE_SIGN_STYLE = Manual;
				CURRENT_PROJECT_VERSION = 1;
				DEVELOPMENT_TEAM = 53APD5F9YQ;
				INFOPLIST_FILE = DailyMenu/Resources/Info.plist;
				IPHONEOS_DEPLOYMENT_TARGET = 10.0;
				LD_RUNPATH_SEARCH_PATHS = (
					"$(inherited)",
					"@executable_path/Frameworks",
				);
				MARKETING_VERSION = 1.0;
				PRODUCT_BUNDLE_IDENTIFIER = "com.epam.daily-menu";
				PRODUCT_NAME = "Daily Menu";
				PROVISIONING_PROFILE_SPECIFIER = "EPAM IN-HOUSE 4 Wildcard-revokable";
				SWIFT_VERSION = 5.0;
				TARGETED_DEVICE_FAMILY = "1,2";
			};
			name = Debug;
		};
		E7C60371233D3ECC004686DB /* Release */ = {
			isa = XCBuildConfiguration;
			baseConfigurationReference = 75F490B44B3E77573DC08F59 /* Pods-DailyMenu.release.xcconfig */;
			buildSettings = {
				ASSETCATALOG_COMPILER_APPICON_NAME = AppIcon;
				CODE_SIGN_IDENTITY = "iPhone Distribution";
				CODE_SIGN_STYLE = Manual;
				CURRENT_PROJECT_VERSION = 1;
				DEVELOPMENT_TEAM = 53APD5F9YQ;
				INFOPLIST_FILE = DailyMenu/Resources/Info.plist;
				IPHONEOS_DEPLOYMENT_TARGET = 10.0;
				LD_RUNPATH_SEARCH_PATHS = (
					"$(inherited)",
					"@executable_path/Frameworks",
				);
				MARKETING_VERSION = 1.0;
				PRODUCT_BUNDLE_IDENTIFIER = "com.epam.daily-menu";
				PRODUCT_NAME = "Daily Menu";
				PROVISIONING_PROFILE_SPECIFIER = "EPAM IN-HOUSE 4 Wildcard-revokable";
				SWIFT_VERSION = 5.0;
				TARGETED_DEVICE_FAMILY = "1,2";
			};
			name = Release;
		};
		E7C60394233D5F5B004686DB /* Debug */ = {
			isa = XCBuildConfiguration;
			buildSettings = {
				BUNDLE_LOADER = "$(TEST_HOST)";
				CODE_SIGN_STYLE = Automatic;
				DEVELOPMENT_TEAM = H7553T5T52;
				INFOPLIST_FILE = DailyMenuTests/Info.plist;
				IPHONEOS_DEPLOYMENT_TARGET = 13.0;
				LD_RUNPATH_SEARCH_PATHS = (
					"$(inherited)",
					"@executable_path/Frameworks",
					"@loader_path/Frameworks",
				);
				PRODUCT_BUNDLE_IDENTIFIER = com.epam.DailyMenuTests;
				PRODUCT_NAME = "$(TARGET_NAME)";
				SWIFT_VERSION = 5.0;
				TARGETED_DEVICE_FAMILY = "1,2";
				TEST_HOST = "$(BUILT_PRODUCTS_DIR)/Daily Menu.app/Daily Menu";
			};
			name = Debug;
		};
		E7C60395233D5F5B004686DB /* Release */ = {
			isa = XCBuildConfiguration;
			buildSettings = {
				BUNDLE_LOADER = "$(TEST_HOST)";
				CODE_SIGN_STYLE = Automatic;
				DEVELOPMENT_TEAM = H7553T5T52;
				INFOPLIST_FILE = DailyMenuTests/Info.plist;
				IPHONEOS_DEPLOYMENT_TARGET = 13.0;
				LD_RUNPATH_SEARCH_PATHS = (
					"$(inherited)",
					"@executable_path/Frameworks",
					"@loader_path/Frameworks",
				);
				PRODUCT_BUNDLE_IDENTIFIER = com.epam.DailyMenuTests;
				PRODUCT_NAME = "$(TARGET_NAME)";
				SWIFT_VERSION = 5.0;
				TARGETED_DEVICE_FAMILY = "1,2";
				TEST_HOST = "$(BUILT_PRODUCTS_DIR)/Daily Menu.app/Daily Menu";
			};
			name = Release;
		};
/* End XCBuildConfiguration section */

/* Begin XCConfigurationList section */
		E7C60356233D3ECA004686DB /* Build configuration list for PBXProject "DailyMenu" */ = {
			isa = XCConfigurationList;
			buildConfigurations = (
				E7C6036D233D3ECC004686DB /* Debug */,
				E7C6036E233D3ECC004686DB /* Release */,
			);
			defaultConfigurationIsVisible = 0;
			defaultConfigurationName = Release;
		};
		E7C6036F233D3ECC004686DB /* Build configuration list for PBXNativeTarget "DailyMenu" */ = {
			isa = XCConfigurationList;
			buildConfigurations = (
				E7C60370233D3ECC004686DB /* Debug */,
				E7C60371233D3ECC004686DB /* Release */,
			);
			defaultConfigurationIsVisible = 0;
			defaultConfigurationName = Release;
		};
		E7C60393233D5F5B004686DB /* Build configuration list for PBXNativeTarget "DailyMenuTests" */ = {
			isa = XCConfigurationList;
			buildConfigurations = (
				E7C60394233D5F5B004686DB /* Debug */,
				E7C60395233D5F5B004686DB /* Release */,
			);
			defaultConfigurationIsVisible = 0;
			defaultConfigurationName = Release;
		};
/* End XCConfigurationList section */
	};
	rootObject = E7C60353233D3ECA004686DB /* Project object */;
}
